{
  "version": 4,
  "terraform_version": "1.14.1",
  "serial": 84,
  "lineage": "9c928499-ccfd-682c-3873-a40a077d5164",
  "outputs": {},
  "resources": [
    {
      "module": "module.proxmox_vms[\"dev\"]",
      "mode": "managed",
      "type": "proxmox_virtual_environment_vm",
      "name": "vm",
      "provider": "provider[\"registry.terraform.io/bpg/proxmox\"]",
      "instances": [
        {
          "schema_version": 0,
          "attributes": {
            "acpi": true,
            "agent": [],
            "audio_device": [],
            "bios": "seabios",
            "boot_order": null,
            "cdrom": [],
            "clone": [
              {
                "datastore_id": "",
                "full": true,
                "node_name": "rami",
                "retries": 1,
                "vm_id": 9000
              }
            ],
            "cpu": [
              {
                "affinity": "",
                "architecture": "",
                "cores": 2,
                "flags": null,
                "hotplugged": 0,
                "limit": 0,
                "numa": false,
                "sockets": 1,
                "type": "qemu64",
                "units": 1024
              }
            ],
            "description": null,
            "disk": [
              {
                "aio": "io_uring",
                "backup": true,
                "cache": "none",
                "datastore_id": "local-lvm",
                "discard": "on",
                "file_format": "raw",
                "file_id": "",
                "interface": "virtio0",
                "iothread": true,
                "path_in_datastore": "vm-223-disk-2",
                "replicate": true,
                "serial": "",
                "size": 10,
                "speed": [],
                "ssd": false
              }
            ],
            "efi_disk": [],
            "hook_script_file_id": null,
            "hostpci": [],
            "id": "223",
            "initialization": [],
            "ipv4_addresses": [],
            "ipv6_addresses": [],
            "keyboard_layout": "en-us",
            "kvm_arguments": null,
            "mac_addresses": [
              "BC:24:11:13:F5:A1"
            ],
            "machine": null,
            "memory": [
              {
                "dedicated": 2048,
                "floating": 0,
                "hugepages": "",
                "keep_hugepages": false,
                "shared": 0
              }
            ],
            "migrate": false,
            "name": "dev-server",
            "network_device": [
              {
                "bridge": "vmbr0",
                "disconnected": false,
                "enabled": true,
                "firewall": false,
                "mac_address": "BC:24:11:13:F5:A1",
                "model": "virtio",
                "mtu": 0,
                "queues": 0,
                "rate_limit": 0,
                "trunks": "",
                "vlan_id": 0
              }
            ],
            "network_interface_names": [],
            "node_name": "rami",
            "numa": [],
            "on_boot": true,
            "operating_system": [],
            "pool_id": null,
            "protection": false,
            "reboot": false,
            "scsi_hardware": "virtio-scsi-pci",
            "serial_device": [],
            "smbios": [],
            "started": true,
            "startup": [],
            "stop_on_destroy": false,
            "tablet_device": true,
            "tags": null,
            "template": false,
            "timeout_clone": 1800,
            "timeout_create": 1800,
            "timeout_migrate": 1800,
            "timeout_move_disk": 1800,
            "timeout_reboot": 1800,
            "timeout_shutdown_vm": 1800,
            "timeout_start_vm": 1800,
            "timeout_stop_vm": 300,
            "tpm_state": [],
            "usb": [],
            "vga": [],
            "vm_id": 223,
            "watchdog": []
          },
          "sensitive_attributes": [],
          "identity_schema_version": 0,
          "private": "bnVsbA=="
        }
      ]
    },
    {
      "module": "module.proxmox_vms[\"game\"]",
      "mode": "managed",
      "type": "proxmox_virtual_environment_vm",
      "name": "vm",
      "provider": "provider[\"registry.terraform.io/bpg/proxmox\"]",
      "instances": [
        {
          "schema_version": 0,
          "attributes": {
            "acpi": true,
            "agent": [
              {
                "enabled": false,
                "timeout": "15m",
                "trim": false,
                "type": ""
              }
            ],
            "audio_device": [],
            "bios": "seabios",
            "boot_order": null,
            "cdrom": [],
            "clone": [],
            "cpu": [
              {
                "affinity": "",
                "architecture": "",
                "cores": 4,
                "flags": [],
                "hotplugged": 0,
                "limit": 0,
                "numa": false,
                "sockets": 1,
                "type": "host",
                "units": 1024
              }
            ],
            "description": "Managed by Terraform.",
            "disk": [
              {
                "aio": "io_uring",
                "backup": true,
                "cache": "none",
                "datastore_id": "local-lvm",
                "discard": "ignore",
                "file_format": "raw",
                "file_id": "",
                "interface": "scsi0",
                "iothread": false,
                "path_in_datastore": "vm-619-disk-0",
                "replicate": false,
                "serial": "",
                "size": 50,
                "speed": [],
                "ssd": false
              }
            ],
            "efi_disk": [],
            "hook_script_file_id": null,
            "hostpci": [],
            "id": "619",
            "initialization": [
              {
                "datastore_id": "local-lvm",
                "dns": [],
                "interface": "ide2",
                "ip_config": [
                  {
                    "ipv4": [
                      {
                        "address": "192.168.10.202/24",
                        "gateway": "192.168.10.1"
                      }
                    ],
                    "ipv6": []
                  }
                ],
                "meta_data_file_id": "",
                "network_data_file_id": "",
                "type": "",
                "upgrade": false,
                "user_account": [
                  {
                    "keys": [
                      "ssh-rsa AAAAB3NzaC1yc2EAAAADAQABAAACAQDIgoCUZdUWzMl5uKpS+wQ+cIrrkqwIISFeBkx9p9bMIg6fTJGiEwXrJMsH6eNyVl660nckd3ogvM1v14KjS4FxgkP3WWdyDWHEkEpN/DqgXGWxBZlnZrbQheKpzm25/g+xgtU/BTWi7jmMBX9Jm7kSrQWn72xfgnfHW6IH8QD3pmjvmPLqFPxQdnxVNYskKNRSoqADicJ+lxdU5TfYXQZuWTyBqPs4G9L09V08oHm/OHtWGdlKMBEbU++2di/thcf204uqOx7ylyN+BArJdp23AR2VLVrPYVDwOSheMVSVAdokMJiCHZDq6OnP0YDwydKZTmQWVn1b9nX/P6T4fBhEZ84q9C9QEBW+FYfhW/ti8bZsXkurP+omclRM14wYnOVjfnAoP8tvPO8c4fwoNcsce5MNhKfEvj6kOHr6dAGKTtMq2xRFtuQIcRG+0KHZhOekkqrJLEH40fmTkf/AZ7Z4Gzx48DteJQhXreF50gf2e5snAphSuUpG1aoyapKP8Nj/U8lAwV61WO7dKeTfZBl3JI6fIOXITmG4/AvT3MwEo8zOjBycN8xgkAYzGuS5FBWzbB+geV+b7XU4uovxoKnG9vTVpMHZn5kcL57xd/7qUwlr6Qae5r0o2leYkkFZGfIe6Ii0+M7P8PDSYRjgWf5OHvYXa7190N1ioX5rorh8bQ== ramidannah5@gmail.com"
                    ],
                    "password": "**********",
                    "username": "game"
                  }
                ],
                "user_data_file_id": "",
                "vendor_data_file_id": ""
              }
            ],
            "ipv4_addresses": [],
            "ipv6_addresses": [],
            "keyboard_layout": "",
            "kvm_arguments": "",
            "mac_addresses": [
              "BC:24:11:C0:97:5F"
            ],
            "machine": "",
            "memory": [
              {
                "dedicated": 8124,
                "floating": 0,
                "hugepages": "",
                "keep_hugepages": false,
                "shared": 0
              }
            ],
            "migrate": null,
            "name": "game-server",
            "network_device": [
              {
                "bridge": "vmbr0",
                "disconnected": false,
                "enabled": true,
                "firewall": false,
                "mac_address": "BC:24:11:C0:97:5F",
                "model": "virtio",
                "mtu": 0,
                "queues": 0,
                "rate_limit": 0,
                "trunks": "",
                "vlan_id": 0
              }
            ],
            "network_interface_names": [],
            "node_name": "rami",
            "numa": [],
            "on_boot": null,
            "operating_system": [
              {
                "type": ""
              }
            ],
            "pool_id": null,
            "protection": false,
            "reboot": null,
            "scsi_hardware": "virtio-scsi-pci",
            "serial_device": [],
            "smbios": [],
            "started": false,
            "startup": [],
            "stop_on_destroy": null,
            "tablet_device": true,
            "tags": [],
            "template": false,
            "timeout_clone": null,
            "timeout_create": null,
            "timeout_migrate": null,
            "timeout_move_disk": null,
            "timeout_reboot": null,
            "timeout_shutdown_vm": null,
            "timeout_start_vm": null,
            "timeout_stop_vm": null,
            "tpm_state": [],
            "usb": [],
            "vga": [],
            "vm_id": 619,
            "watchdog": []
          },
          "sensitive_attributes": [
            [
              {
                "type": "get_attr",
                "value": "initialization"
              },
              {
                "type": "index",
                "value": {
                  "value": 0,
                  "type": "number"
                }
              },
              {
                "type": "get_attr",
                "value": "user_account"
              },
              {
                "type": "index",
                "value": {
                  "value": 0,
                  "type": "number"
                }
              },
              {
                "type": "get_attr",
                "value": "password"
              }
            ]
          ],
          "identity_schema_version": 0,
          "private": "eyJzY2hlbWFfdmVyc2lvbiI6IjAifQ=="
        }
      ]
    },
    {
      "module": "module.proxmox_vms[\"gateway\"]",
      "mode": "managed",
      "type": "proxmox_virtual_environment_vm",
      "name": "vm",
      "provider": "provider[\"registry.terraform.io/bpg/proxmox\"]",
      "instances": [
        {
          "schema_version": 0,
          "attributes": {
            "acpi": true,
            "agent": [
              {
                "enabled": false,
                "timeout": "15m",
                "trim": false,
                "type": ""
              }
            ],
            "audio_device": [],
            "bios": "seabios",
            "boot_order": null,
            "cdrom": [],
            "clone": [],
            "cpu": [
              {
                "affinity": "",
                "architecture": "",
                "cores": 1,
                "flags": [],
                "hotplugged": 0,
                "limit": 0,
                "numa": false,
                "sockets": 1,
                "type": "host",
                "units": 1024
              }
            ],
            "description": "Managed by Terraform.",
            "disk": [
              {
                "aio": "io_uring",
                "backup": true,
                "cache": "none",
                "datastore_id": "local-lvm",
                "discard": "ignore",
                "file_format": "raw",
                "file_id": "",
                "interface": "scsi0",
                "iothread": false,
                "path_in_datastore": "vm-505-disk-0",
                "replicate": false,
                "serial": "",
                "size": 20,
                "speed": [],
                "ssd": false
              }
            ],
            "efi_disk": [],
            "hook_script_file_id": null,
            "hostpci": [],
            "id": "505",
            "initialization": [
              {
                "datastore_id": "local-lvm",
                "dns": [],
                "interface": "ide2",
                "ip_config": [
                  {
                    "ipv4": [
                      {
                        "address": "192.168.10.200/24",
                        "gateway": "192.168.10.1"
                      }
                    ],
                    "ipv6": []
                  }
                ],
                "meta_data_file_id": "",
                "network_data_file_id": "",
                "type": "",
                "upgrade": false,
                "user_account": [
                  {
                    "keys": [
                      "ssh-rsa AAAAB3NzaC1yc2EAAAADAQABAAACAQDIgoCUZdUWzMl5uKpS+wQ+cIrrkqwIISFeBkx9p9bMIg6fTJGiEwXrJMsH6eNyVl660nckd3ogvM1v14KjS4FxgkP3WWdyDWHEkEpN/DqgXGWxBZlnZrbQheKpzm25/g+xgtU/BTWi7jmMBX9Jm7kSrQWn72xfgnfHW6IH8QD3pmjvmPLqFPxQdnxVNYskKNRSoqADicJ+lxdU5TfYXQZuWTyBqPs4G9L09V08oHm/OHtWGdlKMBEbU++2di/thcf204uqOx7ylyN+BArJdp23AR2VLVrPYVDwOSheMVSVAdokMJiCHZDq6OnP0YDwydKZTmQWVn1b9nX/P6T4fBhEZ84q9C9QEBW+FYfhW/ti8bZsXkurP+omclRM14wYnOVjfnAoP8tvPO8c4fwoNcsce5MNhKfEvj6kOHr6dAGKTtMq2xRFtuQIcRG+0KHZhOekkqrJLEH40fmTkf/AZ7Z4Gzx48DteJQhXreF50gf2e5snAphSuUpG1aoyapKP8Nj/U8lAwV61WO7dKeTfZBl3JI6fIOXITmG4/AvT3MwEo8zOjBycN8xgkAYzGuS5FBWzbB+geV+b7XU4uovxoKnG9vTVpMHZn5kcL57xd/7qUwlr6Qae5r0o2leYkkFZGfIe6Ii0+M7P8PDSYRjgWf5OHvYXa7190N1ioX5rorh8bQ== ramidannah5@gmail.com"
                    ],
                    "password": "**********",
                    "username": "gateway"
                  }
                ],
                "user_data_file_id": "",
                "vendor_data_file_id": ""
              }
            ],
            "ipv4_addresses": [],
            "ipv6_addresses": [],
            "keyboard_layout": "",
            "kvm_arguments": "",
            "mac_addresses": [
              "BC:24:11:97:13:86"
            ],
            "machine": "",
            "memory": [
              {
                "dedicated": 2048,
                "floating": 0,
                "hugepages": "",
                "keep_hugepages": false,
                "shared": 0
              }
            ],
            "migrate": null,
            "name": "gateway-server",
            "network_device": [
              {
                "bridge": "vmbr0",
                "disconnected": false,
                "enabled": true,
                "firewall": false,
                "mac_address": "BC:24:11:97:13:86",
                "model": "virtio",
                "mtu": 0,
                "queues": 0,
                "rate_limit": 0,
                "trunks": "",
                "vlan_id": 0
              }
            ],
            "network_interface_names": [],
            "node_name": "rami",
            "numa": [],
            "on_boot": null,
            "operating_system": [
              {
                "type": ""
              }
            ],
            "pool_id": null,
            "protection": false,
            "reboot": null,
            "scsi_hardware": "virtio-scsi-pci",
            "serial_device": [],
            "smbios": [],
            "started": true,
            "startup": [],
            "stop_on_destroy": null,
            "tablet_device": true,
            "tags": [],
            "template": false,
            "timeout_clone": null,
            "timeout_create": null,
            "timeout_migrate": null,
            "timeout_move_disk": null,
            "timeout_reboot": null,
            "timeout_shutdown_vm": null,
            "timeout_start_vm": null,
            "timeout_stop_vm": null,
            "tpm_state": [],
            "usb": [],
            "vga": [],
            "vm_id": 505,
            "watchdog": []
          },
          "sensitive_attributes": [
            [
              {
                "type": "get_attr",
                "value": "initialization"
              },
              {
                "type": "index",
                "value": {
                  "value": 0,
                  "type": "number"
                }
              },
              {
                "type": "get_attr",
                "value": "user_account"
              },
              {
                "type": "index",
                "value": {
                  "value": 0,
                  "type": "number"
                }
              },
              {
                "type": "get_attr",
                "value": "password"
              }
            ]
          ],
          "identity_schema_version": 0,
          "private": "eyJzY2hlbWFfdmVyc2lvbiI6IjAifQ=="
        }
      ]
    },
    {
      "module": "module.proxmox_vms[\"github\"]",
      "mode": "managed",
      "type": "proxmox_virtual_environment_vm",
      "name": "vm",
      "provider": "provider[\"registry.terraform.io/bpg/proxmox\"]",
      "instances": [
        {
          "schema_version": 0,
          "attributes": {
            "acpi": true,
            "agent": [
              {
                "enabled": false,
                "timeout": "15m",
                "trim": false,
                "type": ""
              }
            ],
            "audio_device": [],
            "bios": "seabios",
            "boot_order": null,
            "cdrom": [],
            "clone": [],
            "cpu": [
              {
                "affinity": "",
                "architecture": "",
                "cores": 4,
                "flags": [],
                "hotplugged": 0,
                "limit": 0,
                "numa": false,
                "sockets": 1,
                "type": "host",
                "units": 1024
              }
            ],
            "description": "Managed by Terraform.",
            "disk": [
              {
                "aio": "io_uring",
                "backup": true,
                "cache": "none",
                "datastore_id": "local-lvm",
                "discard": "ignore",
                "file_format": "raw",
                "file_id": "",
                "interface": "scsi0",
                "iothread": false,
                "path_in_datastore": "vm-115-disk-0",
                "replicate": false,
                "serial": "",
                "size": 20,
                "speed": [],
                "ssd": false
              }
            ],
            "efi_disk": [],
            "hook_script_file_id": null,
            "hostpci": [],
            "id": "115",
            "initialization": [
              {
                "datastore_id": "local-lvm",
                "dns": [],
                "interface": "ide2",
                "ip_config": [
                  {
                    "ipv4": [
                      {
                        "address": "192.168.10.204/24",
                        "gateway": "192.168.10.1"
                      }
                    ],
                    "ipv6": []
                  }
                ],
                "meta_data_file_id": "",
                "network_data_file_id": "",
                "type": "",
                "upgrade": false,
                "user_account": [
                  {
                    "keys": [
                      "ssh-rsa AAAAB3NzaC1yc2EAAAADAQABAAACAQDIgoCUZdUWzMl5uKpS+wQ+cIrrkqwIISFeBkx9p9bMIg6fTJGiEwXrJMsH6eNyVl660nckd3ogvM1v14KjS4FxgkP3WWdyDWHEkEpN/DqgXGWxBZlnZrbQheKpzm25/g+xgtU/BTWi7jmMBX9Jm7kSrQWn72xfgnfHW6IH8QD3pmjvmPLqFPxQdnxVNYskKNRSoqADicJ+lxdU5TfYXQZuWTyBqPs4G9L09V08oHm/OHtWGdlKMBEbU++2di/thcf204uqOx7ylyN+BArJdp23AR2VLVrPYVDwOSheMVSVAdokMJiCHZDq6OnP0YDwydKZTmQWVn1b9nX/P6T4fBhEZ84q9C9QEBW+FYfhW/ti8bZsXkurP+omclRM14wYnOVjfnAoP8tvPO8c4fwoNcsce5MNhKfEvj6kOHr6dAGKTtMq2xRFtuQIcRG+0KHZhOekkqrJLEH40fmTkf/AZ7Z4Gzx48DteJQhXreF50gf2e5snAphSuUpG1aoyapKP8Nj/U8lAwV61WO7dKeTfZBl3JI6fIOXITmG4/AvT3MwEo8zOjBycN8xgkAYzGuS5FBWzbB+geV+b7XU4uovxoKnG9vTVpMHZn5kcL57xd/7qUwlr6Qae5r0o2leYkkFZGfIe6Ii0+M7P8PDSYRjgWf5OHvYXa7190N1ioX5rorh8bQ== ramidannah5@gmail.com"
                    ],
                    "password": "**********",
                    "username": "github"
                  }
                ],
                "user_data_file_id": "",
                "vendor_data_file_id": ""
              }
            ],
            "ipv4_addresses": [],
            "ipv6_addresses": [],
            "keyboard_layout": "",
            "kvm_arguments": "",
            "mac_addresses": [
              "BC:24:11:B5:01:63"
            ],
            "machine": "",
            "memory": [
              {
                "dedicated": 7168,
                "floating": 0,
                "hugepages": "",
                "keep_hugepages": false,
                "shared": 0
              }
            ],
            "migrate": null,
            "name": "github-server",
            "network_device": [
              {
                "bridge": "vmbr0",
                "disconnected": false,
                "enabled": true,
                "firewall": false,
                "mac_address": "BC:24:11:B5:01:63",
                "model": "virtio",
                "mtu": 0,
                "queues": 0,
                "rate_limit": 0,
                "trunks": "",
                "vlan_id": 0
              }
            ],
            "network_interface_names": [],
            "node_name": "rami",
            "numa": [],
            "on_boot": null,
            "operating_system": [
              {
                "type": ""
              }
            ],
            "pool_id": null,
            "protection": false,
            "reboot": null,
            "scsi_hardware": "virtio-scsi-pci",
            "serial_device": [],
            "smbios": [],
            "started": true,
            "startup": [],
            "stop_on_destroy": null,
            "tablet_device": true,
            "tags": [],
            "template": false,
            "timeout_clone": null,
            "timeout_create": null,
            "timeout_migrate": null,
            "timeout_move_disk": null,
            "timeout_reboot": null,
            "timeout_shutdown_vm": null,
            "timeout_start_vm": null,
            "timeout_stop_vm": null,
            "tpm_state": [],
            "usb": [],
            "vga": [],
            "vm_id": 115,
            "watchdog": []
          },
          "sensitive_attributes": [
            [
              {
                "type": "get_attr",
                "value": "initialization"
              },
              {
                "type": "index",
                "value": {
                  "value": 0,
                  "type": "number"
                }
              },
              {
                "type": "get_attr",
                "value": "user_account"
              },
              {
                "type": "index",
                "value": {
                  "value": 0,
                  "type": "number"
                }
              },
              {
                "type": "get_attr",
                "value": "password"
              }
            ]
          ],
          "identity_schema_version": 0,
          "private": "eyJzY2hlbWFfdmVyc2lvbiI6IjAifQ=="
        }
      ]
    },
    {
      "module": "module.proxmox_vms[\"media\"]",
      "mode": "managed",
      "type": "proxmox_virtual_environment_vm",
      "name": "vm",
      "provider": "provider[\"registry.terraform.io/bpg/proxmox\"]",
      "instances": [
        {
          "schema_version": 0,
          "attributes": {
            "acpi": true,
            "agent": [
              {
                "enabled": false,
                "timeout": "15m",
                "trim": false,
                "type": ""
              }
            ],
            "audio_device": [],
            "bios": "seabios",
            "boot_order": null,
            "cdrom": [],
            "clone": [],
            "cpu": [
              {
                "affinity": "",
                "architecture": "",
                "cores": 2,
                "flags": [],
                "hotplugged": 0,
                "limit": 0,
                "numa": false,
                "sockets": 1,
                "type": "host",
                "units": 1024
              }
            ],
            "description": "Managed by Terraform.",
            "disk": [
              {
                "aio": "io_uring",
                "backup": true,
                "cache": "none",
                "datastore_id": "local-lvm",
                "discard": "ignore",
                "file_format": "raw",
                "file_id": "",
                "interface": "scsi0",
                "iothread": false,
                "path_in_datastore": "vm-911-disk-0",
                "replicate": false,
                "serial": "",
                "size": 200,
                "speed": [],
                "ssd": false
              }
            ],
            "efi_disk": [],
            "hook_script_file_id": null,
            "hostpci": [],
            "id": "911",
            "initialization": [
              {
                "datastore_id": "local-lvm",
                "dns": [],
                "interface": "ide2",
                "ip_config": [
                  {
                    "ipv4": [
                      {
                        "address": "192.168.10.201/24",
                        "gateway": "192.168.10.1"
                      }
                    ],
                    "ipv6": []
                  }
                ],
                "meta_data_file_id": "",
                "network_data_file_id": "",
                "type": "",
                "upgrade": false,
                "user_account": [
                  {
                    "keys": [
                      "ssh-rsa AAAAB3NzaC1yc2EAAAADAQABAAACAQDIgoCUZdUWzMl5uKpS+wQ+cIrrkqwIISFeBkx9p9bMIg6fTJGiEwXrJMsH6eNyVl660nckd3ogvM1v14KjS4FxgkP3WWdyDWHEkEpN/DqgXGWxBZlnZrbQheKpzm25/g+xgtU/BTWi7jmMBX9Jm7kSrQWn72xfgnfHW6IH8QD3pmjvmPLqFPxQdnxVNYskKNRSoqADicJ+lxdU5TfYXQZuWTyBqPs4G9L09V08oHm/OHtWGdlKMBEbU++2di/thcf204uqOx7ylyN+BArJdp23AR2VLVrPYVDwOSheMVSVAdokMJiCHZDq6OnP0YDwydKZTmQWVn1b9nX/P6T4fBhEZ84q9C9QEBW+FYfhW/ti8bZsXkurP+omclRM14wYnOVjfnAoP8tvPO8c4fwoNcsce5MNhKfEvj6kOHr6dAGKTtMq2xRFtuQIcRG+0KHZhOekkqrJLEH40fmTkf/AZ7Z4Gzx48DteJQhXreF50gf2e5snAphSuUpG1aoyapKP8Nj/U8lAwV61WO7dKeTfZBl3JI6fIOXITmG4/AvT3MwEo8zOjBycN8xgkAYzGuS5FBWzbB+geV+b7XU4uovxoKnG9vTVpMHZn5kcL57xd/7qUwlr6Qae5r0o2leYkkFZGfIe6Ii0+M7P8PDSYRjgWf5OHvYXa7190N1ioX5rorh8bQ== ramidannah5@gmail.com"
                    ],
                    "password": "**********",
                    "username": "media"
                  }
                ],
                "user_data_file_id": "",
                "vendor_data_file_id": ""
              }
            ],
            "ipv4_addresses": [],
            "ipv6_addresses": [],
            "keyboard_layout": "",
            "kvm_arguments": "",
            "mac_addresses": [
              "BC:24:11:E8:7C:49"
            ],
            "machine": "",
            "memory": [
              {
                "dedicated": 10240,
                "floating": 0,
                "hugepages": "",
                "keep_hugepages": false,
                "shared": 0
              }
            ],
            "migrate": null,
            "name": "media-server",
            "network_device": [
              {
                "bridge": "vmbr0",
                "disconnected": false,
                "enabled": true,
                "firewall": false,
                "mac_address": "BC:24:11:E8:7C:49",
                "model": "virtio",
                "mtu": 0,
                "queues": 0,
                "rate_limit": 0,
                "trunks": "",
                "vlan_id": 0
              }
            ],
            "network_interface_names": [],
            "node_name": "rami",
            "numa": [],
            "on_boot": null,
            "operating_system": [
              {
                "type": ""
              }
            ],
            "pool_id": null,
            "protection": false,
            "reboot": null,
            "scsi_hardware": "virtio-scsi-pci",
            "serial_device": [],
            "smbios": [],
            "started": true,
            "startup": [],
            "stop_on_destroy": null,
            "tablet_device": true,
            "tags": [],
            "template": false,
            "timeout_clone": null,
            "timeout_create": null,
            "timeout_migrate": null,
            "timeout_move_disk": null,
            "timeout_reboot": null,
            "timeout_shutdown_vm": null,
            "timeout_start_vm": null,
            "timeout_stop_vm": null,
            "tpm_state": [],
            "usb": [],
            "vga": [],
            "vm_id": 911,
            "watchdog": []
          },
          "sensitive_attributes": [
            [
              {
                "type": "get_attr",
                "value": "initialization"
              },
              {
                "type": "index",
                "value": {
                  "value": 0,
                  "type": "number"
                }
              },
              {
                "type": "get_attr",
                "value": "user_account"
              },
              {
                "type": "index",
                "value": {
                  "value": 0,
                  "type": "number"
                }
              },
              {
                "type": "get_attr",
                "value": "password"
              }
            ]
          ],
          "identity_schema_version": 0,
          "private": "eyJzY2hlbWFfdmVyc2lvbiI6IjAifQ=="
        }
      ]
    },
    {
      "module": "module.proxmox_vms[\"monitor\"]",
      "mode": "managed",
      "type": "proxmox_virtual_environment_vm",
      "name": "vm",
      "provider": "provider[\"registry.terraform.io/bpg/proxmox\"]",
      "instances": [
        {
          "schema_version": 0,
          "attributes": {
            "acpi": true,
            "agent": [
              {
                "enabled": false,
                "timeout": "15m",
                "trim": false,
                "type": ""
              }
            ],
            "audio_device": [],
            "bios": "seabios",
            "boot_order": null,
            "cdrom": [],
            "clone": [],
            "cpu": [
              {
                "affinity": "",
                "architecture": "",
                "cores": 4,
                "flags": [],
                "hotplugged": 0,
                "limit": 0,
                "numa": false,
                "sockets": 1,
                "type": "host",
                "units": 1024
              }
            ],
            "description": "Managed by Terraform.",
            "disk": [
              {
                "aio": "io_uring",
                "backup": true,
                "cache": "none",
                "datastore_id": "local-lvm",
                "discard": "ignore",
                "file_format": "raw",
                "file_id": "",
                "interface": "scsi0",
                "iothread": false,
                "path_in_datastore": "vm-511-disk-0",
                "replicate": false,
                "serial": "",
                "size": 20,
                "speed": [],
                "ssd": false
              }
            ],
            "efi_disk": [],
            "hook_script_file_id": null,
            "hostpci": [],
            "id": "511",
            "initialization": [
              {
                "datastore_id": "local-lvm",
                "dns": [],
                "interface": "ide2",
                "ip_config": [
                  {
                    "ipv4": [
                      {
                        "address": "192.168.10.203/24",
                        "gateway": "192.168.10.1"
                      }
                    ],
                    "ipv6": []
                  }
                ],
                "meta_data_file_id": "",
                "network_data_file_id": "",
                "type": "",
                "upgrade": false,
                "user_account": [
                  {
                    "keys": [
                      "ssh-rsa AAAAB3NzaC1yc2EAAAADAQABAAACAQDIgoCUZdUWzMl5uKpS+wQ+cIrrkqwIISFeBkx9p9bMIg6fTJGiEwXrJMsH6eNyVl660nckd3ogvM1v14KjS4FxgkP3WWdyDWHEkEpN/DqgXGWxBZlnZrbQheKpzm25/g+xgtU/BTWi7jmMBX9Jm7kSrQWn72xfgnfHW6IH8QD3pmjvmPLqFPxQdnxVNYskKNRSoqADicJ+lxdU5TfYXQZuWTyBqPs4G9L09V08oHm/OHtWGdlKMBEbU++2di/thcf204uqOx7ylyN+BArJdp23AR2VLVrPYVDwOSheMVSVAdokMJiCHZDq6OnP0YDwydKZTmQWVn1b9nX/P6T4fBhEZ84q9C9QEBW+FYfhW/ti8bZsXkurP+omclRM14wYnOVjfnAoP8tvPO8c4fwoNcsce5MNhKfEvj6kOHr6dAGKTtMq2xRFtuQIcRG+0KHZhOekkqrJLEH40fmTkf/AZ7Z4Gzx48DteJQhXreF50gf2e5snAphSuUpG1aoyapKP8Nj/U8lAwV61WO7dKeTfZBl3JI6fIOXITmG4/AvT3MwEo8zOjBycN8xgkAYzGuS5FBWzbB+geV+b7XU4uovxoKnG9vTVpMHZn5kcL57xd/7qUwlr6Qae5r0o2leYkkFZGfIe6Ii0+M7P8PDSYRjgWf5OHvYXa7190N1ioX5rorh8bQ== ramidannah5@gmail.com"
                    ],
                    "password": "**********",
                    "username": "monitor"
                  }
                ],
                "user_data_file_id": "",
                "vendor_data_file_id": ""
              }
            ],
            "ipv4_addresses": [],
            "ipv6_addresses": [],
            "keyboard_layout": "",
            "kvm_arguments": "",
            "mac_addresses": [
              "BC:24:11:2E:CA:74"
            ],
            "machine": "",
            "memory": [
              {
                "dedicated": 8192,
                "floating": 0,
                "hugepages": "",
                "keep_hugepages": false,
                "shared": 0
              }
            ],
            "migrate": null,
            "name": "monitor-server",
            "network_device": [
              {
                "bridge": "vmbr0",
                "disconnected": false,
                "enabled": true,
                "firewall": false,
                "mac_address": "BC:24:11:2E:CA:74",
                "model": "virtio",
                "mtu": 0,
                "queues": 0,
                "rate_limit": 0,
                "trunks": "",
                "vlan_id": 0
              }
            ],
            "network_interface_names": [],
            "node_name": "rami",
            "numa": [],
            "on_boot": null,
            "operating_system": [
              {
                "type": ""
              }
            ],
            "pool_id": null,
            "protection": false,
            "reboot": null,
            "scsi_hardware": "virtio-scsi-pci",
            "serial_device": [],
            "smbios": [],
            "started": false,
            "startup": [],
            "stop_on_destroy": null,
            "tablet_device": true,
            "tags": [],
            "template": false,
            "timeout_clone": null,
            "timeout_create": null,
            "timeout_migrate": null,
            "timeout_move_disk": null,
            "timeout_reboot": null,
            "timeout_shutdown_vm": null,
            "timeout_start_vm": null,
            "timeout_stop_vm": null,
            "tpm_state": [],
            "usb": [],
            "vga": [],
            "vm_id": 511,
            "watchdog": []
          },
          "sensitive_attributes": [
            [
              {
                "type": "get_attr",
                "value": "initialization"
              },
              {
                "type": "index",
                "value": {
                  "value": 0,
                  "type": "number"
                }
              },
              {
                "type": "get_attr",
                "value": "user_account"
              },
              {
                "type": "index",
                "value": {
                  "value": 0,
                  "type": "number"
                }
              },
              {
                "type": "get_attr",
                "value": "password"
              }
            ]
          ],
          "identity_schema_version": 0,
          "private": "eyJzY2hlbWFfdmVyc2lvbiI6IjAifQ=="
        }
      ]
    }
  ],
  "check_results": null
}
